{
    "version": 3,
    "terraform_version": "0.11.7",
    "serial": 4,
    "lineage": "58ed5262-e3ee-67c9-594c-51f5a2ebd150",
    "modules": [
        {
            "path": [
                "root"
            ],
            "outputs": {},
            "resources": {
                "google_compute_firewall.ssh": {
                    "type": "google_compute_firewall",
                    "depends_on": [
                        "google_compute_network.shippy-network"
                    ],
                    "primary": {
                        "id": "shippy-platform-ssh",
                        "attributes": {
                            "allow.#": "2",
                            "allow.1367131964.ports.#": "0",
                            "allow.1367131964.protocol": "icmp",
                            "allow.827249178.ports.#": "3",
                            "allow.827249178.ports.0": "22",
                            "allow.827249178.ports.1": "80",
                            "allow.827249178.ports.2": "443",
                            "allow.827249178.protocol": "tcp",
                            "deny.#": "0",
                            "description": "",
                            "destination_ranges.#": "0",
                            "direction": "INGRESS",
                            "id": "shippy-platform-ssh",
                            "name": "shippy-platform-ssh",
                            "network": "https://www.googleapis.com/compute/v1/projects/shippy-freight-205815/global/networks/shippy-platform",
                            "priority": "1000",
                            "project": "shippy-freight-205815",
                            "self_link": "https://www.googleapis.com/compute/v1/projects/shippy-freight-205815/global/firewalls/shippy-platform-ssh",
                            "source_ranges.#": "1",
                            "source_ranges.1080289494": "0.0.0.0/0",
                            "source_service_accounts.#": "0",
                            "source_tags.#": "0",
                            "target_service_accounts.#": "0",
                            "target_tags.#": "0"
                        },
                        "meta": {
                            "schema_version": "1"
                        },
                        "tainted": false
                    },
                    "deposed": [],
                    "provider": "provider.google"
                },
                "google_compute_network.shippy-network": {
                    "type": "google_compute_network",
                    "depends_on": [],
                    "primary": {
                        "id": "shippy-platform",
                        "attributes": {
                            "auto_create_subnetworks": "true",
                            "description": "",
                            "gateway_ipv4": "",
                            "id": "shippy-platform",
                            "ipv4_range": "",
                            "name": "shippy-platform",
                            "project": "shippy-freight-205815",
                            "routing_mode": "REGIONAL",
                            "self_link": "https://www.googleapis.com/compute/v1/projects/shippy-freight-205815/global/networks/shippy-platform"
                        },
                        "meta": {},
                        "tainted": false
                    },
                    "deposed": [],
                    "provider": "provider.google"
                },
                "google_compute_subnetwork.shippy-freight": {
                    "type": "google_compute_subnetwork",
                    "depends_on": [
                        "google_compute_network.shippy-network"
                    ],
                    "primary": {
                        "id": "us-west1/dev-shippy-platform-us-west1",
                        "attributes": {
                            "description": "",
                            "enable_flow_logs": "false",
                            "fingerprint": "iJ5uC8S3Vkk=",
                            "gateway_address": "10.1.2.1",
                            "id": "us-west1/dev-shippy-platform-us-west1",
                            "ip_cidr_range": "10.1.2.0/24",
                            "name": "dev-shippy-platform-us-west1",
                            "network": "https://www.googleapis.com/compute/beta/projects/shippy-freight-205815/global/networks/shippy-platform",
                            "private_ip_google_access": "false",
                            "project": "shippy-freight-205815",
                            "region": "us-west1",
                            "secondary_ip_range.#": "0",
                            "self_link": "https://www.googleapis.com/compute/v1/projects/shippy-freight-205815/regions/us-west1/subnetworks/dev-shippy-platform-us-west1"
                        },
                        "meta": {
                            "e2bfb730-ecaa-11e6-8f88-34363bc7c4c0": {
                                "create": 360000000000,
                                "delete": 360000000000,
                                "update": 360000000000
                            }
                        },
                        "tainted": false
                    },
                    "deposed": [],
                    "provider": "provider.google"
                },
                "google_container_cluster.shippy-freight-cluster": {
                    "type": "google_container_cluster",
                    "depends_on": [
                        "google_compute_network.shippy-network",
                        "google_compute_subnetwork.shippy-freight"
                    ],
                    "primary": {
                        "id": "shippy-freight-cluster",
                        "attributes": {
                            "additional_zones.#": "0",
                            "addons_config.#": "1",
                            "addons_config.0.horizontal_pod_autoscaling.#": "0",
                            "addons_config.0.http_load_balancing.#": "0",
                            "addons_config.0.kubernetes_dashboard.#": "0",
                            "addons_config.0.network_policy_config.#": "1",
                            "addons_config.0.network_policy_config.0.disabled": "true",
                            "cluster_ipv4_cidr": "10.4.0.0/14",
                            "description": "",
                            "enable_kubernetes_alpha": "false",
                            "enable_legacy_abac": "false",
                            "endpoint": "104.196.249.154",
                            "id": "shippy-freight-cluster",
                            "initial_node_count": "1",
                            "instance_group_urls.#": "1",
                            "instance_group_urls.0": "https://www.googleapis.com/compute/v1/projects/shippy-freight-205815/zones/us-west1-a/instanceGroups/gke-shippy-freight-clust-default-pool-14f63ee6-grp",
                            "logging_service": "logging.googleapis.com",
                            "master_auth.#": "1",
                            "master_auth.0.client_certificate": "LS0tLS1CRUdJTiBDRVJUSUZJQ0FURS0tLS0tCk1JSUMyakNDQWNLZ0F3SUJBZ0lRQ0pIWml0dzhtMlgzOWx4eGtPK2QyVEFOQmdrcWhraUc5dzBCQVFzRkFEQXYKTVMwd0t3WURWUVFERXlRM05tSm1ZekprT0Mxak1qSm1MVFJoTkRJdFlXWmhNaTA1WXpoaU4yWTFNV1U0TnpZdwpIaGNOTVRnd05UTXhNakF4TXpNeVdoY05Nak13TlRNd01qQXhNek15V2pBUk1ROHdEUVlEVlFRREV3WmpiR2xsCmJuUXdnZ0VpTUEwR0NTcUdTSWIzRFFFQkFRVUFBNElCRHdBd2dnRUtBb0lCQVFEQ2NQc2FiVXpWL01IS2pGcEEKM1hVcDQ1VXJoL2xsTzJCY3lmYzFyV2hCQVpiNzhZYytpSUJNK2krNFhla3NrUERMd1JITVpCZEp2OUJOUVBTbgo5SEs4a1dGbXJnL1FONDVyanJoVk80cVo5Z2lNZEhKUmZoK1lYaGxxbmZFNUdBT0tFZGhFUlBtSkpxK3hwek9UCkZMbHJMRTc4VzVqb1N5WXlMVEplb2lUdDVVS3Jhb0h3SW5wQnBSdmVsYWxXaFNiNTFGZ0xNNWdkWDhkT0NPQTkKZS9pTVgzSE5CVEFtdXE3WFZ4VGg1ZnVGMGRDcXZzSEE4U1Y3T3k3Z08xYnhuQitISnkzZ2ZYQlhyVnd4M3JtYQo2YURnUkZ0RHF0ampMVmlBN0QrQ0ZEMDRPMTFvSXJwbjBwbGhTWStXeE9UdkRKYlZ0K2c1SmNKcFNoVFExUUdSCjhPampBZ01CQUFHakVEQU9NQXdHQTFVZEV3RUIvd1FDTUFBd0RRWUpLb1pJaHZjTkFRRUxCUUFEZ2dFQkFCZ28KTENLd3NQN0ZFK290U3g3TjhHRzg5RnBlaE5MYllHYXpxZjQrVXZGU0ZjdlRWOFZvNlBHMVdvY0x6ZXExekE3NgpoOTdNQzVIMVBQTUtGUnEyQ2FFeW1NLzdENG5jcTl4dmc4Z0psTG5wRlN0N3IzTmlhb2hYSmFGNGhHN21NeFlGClE5Y3A2WFF3cTVQa3g2TnVGSGhMektiblBpQUo4cnpSUi8yM2RnVSsxMWM5QzZ0YndkWTJybkRRWDJoYmtTWjEKSUYxOU94S0pBT3JmNDRrUThIZUpzamdsVkt3bVQ1dE5sRkNuUjVwMzZaeVlOSDczTE1ZRUhFa3MzYTc3Q25CcgpBYVBXWjJwQVlKd1hxNW16dys2NHdveURVV1VBeS92M1kyT1I1cWxxN05CMWd4dUJvYVpURE1sVlhHdkNtc1dTCm9UWEp3TkkzUzU4MmVFQ2NJZFk9Ci0tLS0tRU5EIENFUlRJRklDQVRFLS0tLS0K",
                            "master_auth.0.client_certificate_config.#": "0",
                            "master_auth.0.client_key": "LS0tLS1CRUdJTiBSU0EgUFJJVkFURSBLRVktLS0tLQpNSUlFcEFJQkFBS0NBUUVBd25EN0dtMU0xZnpCeW94YVFOMTFLZU9WSzRmNVpUdGdYTW4zTmExb1FRR1crL0dIClBvaUFUUG92dUYzcExKRHd5OEVSekdRWFNiL1FUVUQwcC9SeXZKRmhacTRQMERlT2E0NjRWVHVLbWZZSWpIUnkKVVg0Zm1GNFphcDN4T1JnRGloSFlSRVQ1aVNhdnNhY3preFM1YXl4Ty9GdVk2RXNtTWkweVhxSWs3ZVZDcTJxQgo4Q0o2UWFVYjNwV3BWb1VtK2RSWUN6T1lIVi9IVGdqZ1BYdjRqRjl4elFVd0pycXUxMWNVNGVYN2hkSFFxcjdCCndQRWxlenN1NER0Vzhad2ZoeWN0NEgxd1Y2MWNNZDY1bXVtZzRFUmJRNnJZNHkxWWdPdy9naFE5T0R0ZGFDSzYKWjlLWllVbVBsc1RrN3d5VzFiZm9PU1hDYVVvVTBOVUJrZkRvNHdJREFRQUJBb0lCQUZBOGx5SWNvR3hkVlFyawpTQW9rV01qa1pSWUZrbUMzMDlmMmI5RHlzZWJCWlRDcVJva0RndzVBMzVoUkNIdWZnLzVRdWF1Q1Vpbll3WGhmCnFaWDFSYk9TdW9MSXFUWGU5eUpqVHFXOVlFQ1FTbzdMTHJGNlBrZDk3VGNWM2drVlk4Q0NCS0NIWmdHMnVTR3kKUVpJY0p6ZVduVEYrQ3Vjd3U1NVJFRXdFMVFCbHRWWVh2MWsySkZMYWJkVFA2THY2ZzhwRkhTSGFNaGFCamloeQpVRnlHdlA2Tk1oR1pXdWJSeW5tUUpmQk1QRnVmN2NCUitvejFFU0I2RnZJY21Od1J6VDF2SUEvSUd2QUw4cXlEClBaQXZtSnVtYk9iVFlWTEpaVWN6Sm5xV2hiY0g3THA3N1ZaVjdsYW1Yb1A0YWdBQml5elk4RHU3czdQK2dsSkoKQmF0NU5rRUNnWUVBKzhYWEJjc3RwNndsbVY5Y05SM0FaN2RCSjNuc1VWZUltcGdyZTczYTR3amZPZExhWFRqZwppUkJtb3lsR3BuRHBhYzRtV3RBeUUvSzZsMnI4U2c4SmM4VjBOQk1FK1lwZ1VPTnlBOGlhbmhBNkg4emdaSTNaCjNMdGlEQ0ZrWVJXdUxGNlBXUHBxSGd0UUt1UEFrRlhNVHlqWmlCMUl0WHNYeDF3bVY3Ty9QbWtDZ1lFQXhiUzQKbEFjUlBuelNpaDFubUlqYnhVK1hlVm94UFhPYVVoQStBN0RTeVEyNDd2TFR1ME1uVnloOWthTHhoNFNrZGRxRAo3YUl1aFdJVDJkNnoxVlQ1TWVFQ1pwak13dzhlbU16eTRhTEhMendKc212cno3ZU8ycDJxTGhrZE5YclYydk1BCm50d041M2gyT0gxVjZNSGlPNlpSSzJVK3RTb0FReExQT2ludTIyc0NnWUFRdUJLUFQrNjRNN1pMZVFtbWZWTkoKaitIRHZWVDBFZHdBYUJwN0hTQnI4eXJmckNEVUQvTFpKejJwbUJRWStXYUdvQ25yM2VkMWE2ajRaU0pieUtQWQpERVNyTUpnaitneHJVcTgva1JLemJHQnZ2Q3NxZ2tEMVozd2JVaHhZVmhnNjJneXEyL1l3Q0pCS1NOV0F3REhSCkQrVmlKSSt2ZlgwV3dBZkx5eVBvQVFLQmdRQ2VubFBJVDdOQ0V4dEh2RGUxWlhnTlljSUJscDhTMG9EcGZpYUQKQjRiVno3Q2o1U2FDZzJvNHZ6K2ZiTCtqSG9Sa0dhRG5Nc3RvTUR3RS9Hd0RxRjBWNjVUbGc0b2twU2pESnd0bQpoQmFTaXZTc3RYRklBZGtYQkkvWTFFVmU5dUpFKzlsdm10Vjg5R1RGQmFtN1NIS2RzTjVHbHNBczBUbk1sbmEwCkQ1aVhhUUtCZ1FDRmJFYy82RDZqOXk1R2FSbVZwL0k1Umtnd0NmZlFueWlRc2RvWUdNbU9ZLytKWVRCem5wWU8KbVlEMm95YVFDSEgrTTRXeG9XeU1CajRXV0JCYjB2UzNRQS8wN09tWC9UditEcmNjZExscEMzSm42cnQ3Ukd1aQpObHRPWEpzUCtVQjI5bldiY0FCWUFRT3hScEl4R2J1SjRSR1hWYXAwSWVKTWRqRkpWZm5kSXc9PQotLS0tLUVORCBSU0EgUFJJVkFURSBLRVktLS0tLQo=",
                            "master_auth.0.cluster_ca_certificate": "LS0tLS1CRUdJTiBDRVJUSUZJQ0FURS0tLS0tCk1JSURERENDQWZTZ0F3SUJBZ0lSQU16cDdaTkEvWG5HT1hKMWtBVnNRdEF3RFFZSktvWklodmNOQVFFTEJRQXcKTHpFdE1Dc0dBMVVFQXhNa056WmlabU15WkRndFl6SXlaaTAwWVRReUxXRm1ZVEl0T1dNNFlqZG1OVEZsT0RjMgpNQjRYRFRFNE1EVXpNVEU1TVRNek1Wb1hEVEl6TURVek1ESXdNVE16TVZvd0x6RXRNQ3NHQTFVRUF4TWtOelppClptTXlaRGd0WXpJeVppMDBZVFF5TFdGbVlUSXRPV000WWpkbU5URmxPRGMyTUlJQklqQU5CZ2txaGtpRzl3MEIKQVFFRkFBT0NBUThBTUlJQkNnS0NBUUVBb0g0eFV6NVRnN0REV3dHcEkrZlAzUlEzSlNObnJsU08xSllpN1FDVAp6b1BYRDNPS2ZaRXNQSiszd1lLNGg0RzZ3SHpCREhjWUsxV3hVWXBhbG5jdXB3R28wRlZBeXlNYjBaNVNSaEwzCm5vSnFFOGtuYjRZcFFzSVl5TXlnd2hJdEJSQ2NDTkJWQ2xEZHByV3BqdlhRTVBsRTlQd1AvUlUzc01oNGFhNnUKaDc1YXhWUjdQTGVsaGs5U0pQQ1hKQ1JaNkVvSHhlMlRLTTUrZ2l0MEJhNkpFdTJnY3JDcWRuUHVXaHJMTU1YTApaMVVKeW9MQkZ6elFGS2tHMEhkazZWNDJuemMySjQrbThMMHBwNmh5OVJnMVFCczBBdm9VbWJ3MGcrUUhsZ1VXCjd2NmZWZGpsMkdlVWNldXplT2Zaa3EvY1d3YS9OYUFyVUNRZXZ3ZW13M2pTTVFJREFRQUJveU13SVRBT0JnTlYKSFE4QkFmOEVCQU1DQWdRd0R3WURWUjBUQVFIL0JBVXdBd0VCL3pBTkJna3Foa2lHOXcwQkFRc0ZBQU9DQVFFQQppVlF6aDNHNDVPVllxRjA4Q0wvTGZuODlLYXUxZkVIdXdncWlkeE1qT0ZMM2I5NWh4NGx3emY1aHBTSnFiSlNkCng5SUZocWdKd0ZJMXQxT0VubU9BNlFTMlArUTAweHJqK2JoR0lzTkN6Zm14b0Y0MGRyQ29VbFQrMitRS25pUE0KRm9uOU5TS0ZVOEN5eGh4K1AySzluU3gzU0IwNVY1NDdxS1V1cGgwR1pURENaenRDOW1kUFBOOGhFL1BrSDNpSAp4bXY1OEUrZzJsMWUrSUp3dnQzUmhReWV5OUc3dVI4ZUtOVlg2TVJKNDRMMFMxZjVDd2RwNWZkdHNxYnJHajBLCitlMnZwRWtPek9UcWJydnZoZXlPa2R6ZTRORWU5MVV0V3lUOWg5Q1h1bmtkTlhwd0FGSTQwMTdqMWl3bEtjeVkKODdlVk9DRUhpTm5sSW9oMk4rdEtLUT09Ci0tLS0tRU5EIENFUlRJRklDQVRFLS0tLS0K",
                            "master_auth.0.password": "getAwayFromMeYouNastyDOG21",
                            "master_auth.0.username": "camiecreator",
                            "master_ipv4_cidr_block": "",
                            "master_version": "1.8.10-gke.0",
                            "monitoring_service": "monitoring.googleapis.com",
                            "name": "shippy-freight-cluster",
                            "network": "projects/shippy-freight-205815/global/networks/shippy-platform",
                            "network_policy.#": "1",
                            "network_policy.0.enabled": "false",
                            "network_policy.0.provider": "PROVIDER_UNSPECIFIED",
                            "node_config.#": "1",
                            "node_config.0.disk_size_gb": "100",
                            "node_config.0.guest_accelerator.#": "0",
                            "node_config.0.image_type": "COS",
                            "node_config.0.labels.%": "0",
                            "node_config.0.local_ssd_count": "0",
                            "node_config.0.machine_type": "n1-standard-1",
                            "node_config.0.metadata.%": "0",
                            "node_config.0.min_cpu_platform": "",
                            "node_config.0.oauth_scopes.#": "6",
                            "node_config.0.oauth_scopes.1277378754": "https://www.googleapis.com/auth/monitoring",
                            "node_config.0.oauth_scopes.1693978638": "https://www.googleapis.com/auth/devstorage.full_control",
                            "node_config.0.oauth_scopes.172152165": "https://www.googleapis.com/auth/logging.write",
                            "node_config.0.oauth_scopes.1733087937": "https://www.googleapis.com/auth/cloud-platform",
                            "node_config.0.oauth_scopes.299962681": "https://www.googleapis.com/auth/compute",
                            "node_config.0.oauth_scopes.4159840982": "https://www.googleapis.com/auth/projecthosting",
                            "node_config.0.preemptible": "false",
                            "node_config.0.service_account": "default",
                            "node_config.0.tags.#": "0",
                            "node_config.0.taint.#": "0",
                            "node_config.0.workload_metadata_config.#": "0",
                            "node_pool.#": "1",
                            "node_pool.0.autoscaling.#": "1",
                            "node_pool.0.autoscaling.0.max_node_count": "2",
                            "node_pool.0.autoscaling.0.min_node_count": "1",
                            "node_pool.0.initial_node_count": "1",
                            "node_pool.0.instance_group_urls.#": "1",
                            "node_pool.0.instance_group_urls.0": "https://www.googleapis.com/compute/v1/projects/shippy-freight-205815/zones/us-west1-a/instanceGroupManagers/gke-shippy-freight-clust-default-pool-14f63ee6-grp",
                            "node_pool.0.management.#": "1",
                            "node_pool.0.management.0.auto_repair": "false",
                            "node_pool.0.management.0.auto_upgrade": "false",
                            "node_pool.0.name": "default-pool",
                            "node_pool.0.name_prefix": "",
                            "node_pool.0.node_config.#": "1",
                            "node_pool.0.node_config.0.disk_size_gb": "100",
                            "node_pool.0.node_config.0.guest_accelerator.#": "0",
                            "node_pool.0.node_config.0.image_type": "COS",
                            "node_pool.0.node_config.0.labels.%": "0",
                            "node_pool.0.node_config.0.local_ssd_count": "0",
                            "node_pool.0.node_config.0.machine_type": "n1-standard-1",
                            "node_pool.0.node_config.0.metadata.%": "0",
                            "node_pool.0.node_config.0.min_cpu_platform": "",
                            "node_pool.0.node_config.0.oauth_scopes.#": "6",
                            "node_pool.0.node_config.0.oauth_scopes.1277378754": "https://www.googleapis.com/auth/monitoring",
                            "node_pool.0.node_config.0.oauth_scopes.1693978638": "https://www.googleapis.com/auth/devstorage.full_control",
                            "node_pool.0.node_config.0.oauth_scopes.172152165": "https://www.googleapis.com/auth/logging.write",
                            "node_pool.0.node_config.0.oauth_scopes.1733087937": "https://www.googleapis.com/auth/cloud-platform",
                            "node_pool.0.node_config.0.oauth_scopes.299962681": "https://www.googleapis.com/auth/compute",
                            "node_pool.0.node_config.0.oauth_scopes.4159840982": "https://www.googleapis.com/auth/projecthosting",
                            "node_pool.0.node_config.0.preemptible": "false",
                            "node_pool.0.node_config.0.service_account": "default",
                            "node_pool.0.node_config.0.tags.#": "0",
                            "node_pool.0.node_config.0.taint.#": "0",
                            "node_pool.0.node_config.0.workload_metadata_config.#": "0",
                            "node_pool.0.node_count": "2",
                            "node_pool.0.version": "1.8.10-gke.0",
                            "node_version": "1.8.10-gke.0",
                            "private_cluster": "false",
                            "project": "shippy-freight-205815",
                            "subnetwork": "projects/shippy-freight-205815/regions/us-west1/subnetworks/dev-shippy-platform-us-west1",
                            "zone": "us-west1-a"
                        },
                        "meta": {
                            "e2bfb730-ecaa-11e6-8f88-34363bc7c4c0": {
                                "create": 1800000000000,
                                "delete": 600000000000,
                                "update": 600000000000
                            },
                            "schema_version": "1"
                        },
                        "tainted": false
                    },
                    "deposed": [],
                    "provider": "provider.google"
                },
                "google_dns_managed_zone.shippy-freight": {
                    "type": "google_dns_managed_zone",
                    "depends_on": [],
                    "primary": {
                        "id": "shippyfreight-com",
                        "attributes": {
                            "description": "shippyfreight.com DNS zone",
                            "dns_name": "shippyfreight.com.",
                            "id": "shippyfreight-com",
                            "name": "shippyfreight-com",
                            "name_servers.#": "4",
                            "name_servers.0": "ns-cloud-c1.googledomains.com.",
                            "name_servers.1": "ns-cloud-c2.googledomains.com.",
                            "name_servers.2": "ns-cloud-c3.googledomains.com.",
                            "name_servers.3": "ns-cloud-c4.googledomains.com.",
                            "project": "shippy-freight-205815"
                        },
                        "meta": {},
                        "tainted": false
                    },
                    "deposed": [],
                    "provider": "provider.google"
                },
                "google_dns_record_set.dev-k8s-endpoint-shippy-freight": {
                    "type": "google_dns_record_set",
                    "depends_on": [
                        "google_container_cluster.shippy-freight-cluster",
                        "google_dns_managed_zone.shippy-freight"
                    ],
                    "primary": {
                        "id": "shippyfreight-com/k8s.dev.shippyfreight.com./A",
                        "attributes": {
                            "id": "shippyfreight-com/k8s.dev.shippyfreight.com./A",
                            "managed_zone": "shippyfreight-com",
                            "name": "k8s.dev.shippyfreight.com.",
                            "project": "shippy-freight-205815",
                            "rrdatas.#": "1",
                            "rrdatas.0": "104.196.249.154",
                            "ttl": "300",
                            "type": "A"
                        },
                        "meta": {},
                        "tainted": false
                    },
                    "deposed": [],
                    "provider": "provider.google"
                }
            },
            "depends_on": []
        }
    ]
}
