{
    "version": 3,
    "terraform_version": "0.11.7",
    "serial": 3,
    "lineage": "58ed5262-e3ee-67c9-594c-51f5a2ebd150",
    "modules": [
        {
            "path": [
                "root"
            ],
            "outputs": {},
            "resources": {
                "google_compute_firewall.ssh": {
                    "type": "google_compute_firewall",
                    "depends_on": [
                        "google_compute_network.shippy-network"
                    ],
                    "primary": {
                        "id": "shippy-platform-ssh",
                        "attributes": {
                            "allow.#": "2",
                            "allow.1367131964.ports.#": "0",
                            "allow.1367131964.protocol": "icmp",
                            "allow.827249178.ports.#": "3",
                            "allow.827249178.ports.0": "22",
                            "allow.827249178.ports.1": "80",
                            "allow.827249178.ports.2": "443",
                            "allow.827249178.protocol": "tcp",
                            "deny.#": "0",
                            "description": "",
                            "destination_ranges.#": "0",
                            "direction": "INGRESS",
                            "id": "shippy-platform-ssh",
                            "name": "shippy-platform-ssh",
                            "network": "https://www.googleapis.com/compute/v1/projects/shippy-freight-205815/global/networks/shippy-platform",
                            "priority": "1000",
                            "project": "shippy-freight-205815",
                            "self_link": "https://www.googleapis.com/compute/v1/projects/shippy-freight-205815/global/firewalls/shippy-platform-ssh",
                            "source_ranges.#": "1",
                            "source_ranges.1080289494": "0.0.0.0/0",
                            "source_service_accounts.#": "0",
                            "source_tags.#": "0",
                            "target_service_accounts.#": "0",
                            "target_tags.#": "0"
                        },
                        "meta": {
                            "schema_version": "1"
                        },
                        "tainted": false
                    },
                    "deposed": [],
                    "provider": "provider.google"
                },
                "google_compute_network.shippy-network": {
                    "type": "google_compute_network",
                    "depends_on": [],
                    "primary": {
                        "id": "shippy-platform",
                        "attributes": {
                            "auto_create_subnetworks": "true",
                            "description": "",
                            "gateway_ipv4": "",
                            "id": "shippy-platform",
                            "ipv4_range": "",
                            "name": "shippy-platform",
                            "project": "shippy-freight-205815",
                            "routing_mode": "REGIONAL",
                            "self_link": "https://www.googleapis.com/compute/v1/projects/shippy-freight-205815/global/networks/shippy-platform"
                        },
                        "meta": {},
                        "tainted": false
                    },
                    "deposed": [],
                    "provider": "provider.google"
                },
                "google_compute_subnetwork.shippy-freight": {
                    "type": "google_compute_subnetwork",
                    "depends_on": [
                        "google_compute_network.shippy-network"
                    ],
                    "primary": {
                        "id": "us-west1/dev-shippy-platform-us-west1",
                        "attributes": {
                            "description": "",
                            "enable_flow_logs": "false",
                            "fingerprint": "iJ5uC8S3Vkk=",
                            "gateway_address": "10.1.2.1",
                            "id": "us-west1/dev-shippy-platform-us-west1",
                            "ip_cidr_range": "10.1.2.0/24",
                            "name": "dev-shippy-platform-us-west1",
                            "network": "https://www.googleapis.com/compute/beta/projects/shippy-freight-205815/global/networks/shippy-platform",
                            "private_ip_google_access": "false",
                            "project": "shippy-freight-205815",
                            "region": "us-west1",
                            "secondary_ip_range.#": "0",
                            "self_link": "https://www.googleapis.com/compute/v1/projects/shippy-freight-205815/regions/us-west1/subnetworks/dev-shippy-platform-us-west1"
                        },
                        "meta": {
                            "e2bfb730-ecaa-11e6-8f88-34363bc7c4c0": {
                                "create": 360000000000,
                                "delete": 360000000000,
                                "update": 360000000000
                            }
                        },
                        "tainted": false
                    },
                    "deposed": [],
                    "provider": "provider.google"
                },
                "google_dns_managed_zone.shippy-freight": {
                    "type": "google_dns_managed_zone",
                    "depends_on": [],
                    "primary": {
                        "id": "shippyfreight-com",
                        "attributes": {
                            "description": "shippyfreight.com DNS zone",
                            "dns_name": "shippyfreight.com.",
                            "id": "shippyfreight-com",
                            "name": "shippyfreight-com",
                            "name_servers.#": "4",
                            "name_servers.0": "ns-cloud-c1.googledomains.com.",
                            "name_servers.1": "ns-cloud-c2.googledomains.com.",
                            "name_servers.2": "ns-cloud-c3.googledomains.com.",
                            "name_servers.3": "ns-cloud-c4.googledomains.com.",
                            "project": "shippy-freight-205815"
                        },
                        "meta": {},
                        "tainted": false
                    },
                    "deposed": [],
                    "provider": "provider.google"
                }
            },
            "depends_on": []
        }
    ]
}
